
Microsoft Visual Studio Solution File, Format Version 12.00
# Visual Studio Version 16
VisualStudioVersion = 16.0.30204.135
MinimumVisualStudioVersion = 10.0.40219.1
Project("{FAE04EC0-301F-11D3-BF4B-00C04F79EFBC}") = "02. Sets of Elements", "02. Sets of Elements.csproj", "{1657EAAD-1DAC-4A36-AA00-48139E4EF104}"
EndProject
Global
	GlobalSection(SolutionConfigurationPlatforms) = preSolution
		Debug|Any CPU = Debug|Any CPU
		Release|Any CPU = Release|Any CPU
	EndGlobalSection
	GlobalSection(ProjectConfigurationPlatforms) = postSolution
		{1657EAAD-1DAC-4A36-AA00-48139E4EF104}.Debug|Any CPU.ActiveCfg = Debug|Any CPU
		{1657EAAD-1DAC-4A36-AA00-48139E4EF104}.Debug|Any CPU.Build.0 = Debug|Any CPU
		{1657EAAD-1DAC-4A36-AA00-48139E4EF104}.Release|Any CPU.ActiveCfg = Release|Any CPU
		{1657EAAD-1DAC-4A36-AA00-48139E4EF104}.Release|Any CPU.Build.0 = Release|Any CPU
	EndGlobalSection
	GlobalSection(SolutionProperties) = preSolution
		HideSolutionNode = FALSE
	EndGlobalSection
	GlobalSection(ExtensibilityGlobals) = postSolution
		SolutionGuid = {F2C5469D-B40A-42CF-BD42-32F6F634B19B}
	EndGlobalSection
EndGlobal
