
Microsoft Visual Studio Solution File, Format Version 12.00
# Visual Studio Version 16
VisualStudioVersion = 16.0.30204.135
MinimumVisualStudioVersion = 10.0.40219.1
Project("{FAE04EC0-301F-11D3-BF4B-00C04F79EFBC}") = "Lootbox", "Lootbox.csproj", "{1049CC86-2190-411B-BBBB-B94650AB448D}"
EndProject
Global
	GlobalSection(SolutionConfigurationPlatforms) = preSolution
		Debug|Any CPU = Debug|Any CPU
		Release|Any CPU = Release|Any CPU
	EndGlobalSection
	GlobalSection(ProjectConfigurationPlatforms) = postSolution
		{1049CC86-2190-411B-BBBB-B94650AB448D}.Debug|Any CPU.ActiveCfg = Debug|Any CPU
		{1049CC86-2190-411B-BBBB-B94650AB448D}.Debug|Any CPU.Build.0 = Debug|Any CPU
		{1049CC86-2190-411B-BBBB-B94650AB448D}.Release|Any CPU.ActiveCfg = Release|Any CPU
		{1049CC86-2190-411B-BBBB-B94650AB448D}.Release|Any CPU.Build.0 = Release|Any CPU
	EndGlobalSection
	GlobalSection(SolutionProperties) = preSolution
		HideSolutionNode = FALSE
	EndGlobalSection
	GlobalSection(ExtensibilityGlobals) = postSolution
		SolutionGuid = {A5427420-2A7F-4ABE-8B2A-6EE77A865FB6}
	EndGlobalSection
EndGlobal
