
Microsoft Visual Studio Solution File, Format Version 12.00
# Visual Studio Version 16
VisualStudioVersion = 16.0.30204.135
MinimumVisualStudioVersion = 10.0.40219.1
Project("{FAE04EC0-301F-11D3-BF4B-00C04F79EFBC}") = "05. Count Symbols", "05. Count Symbols.csproj", "{ED986D23-79F2-4C53-9B38-B413BD6A4757}"
EndProject
Global
	GlobalSection(SolutionConfigurationPlatforms) = preSolution
		Debug|Any CPU = Debug|Any CPU
		Release|Any CPU = Release|Any CPU
	EndGlobalSection
	GlobalSection(ProjectConfigurationPlatforms) = postSolution
		{ED986D23-79F2-4C53-9B38-B413BD6A4757}.Debug|Any CPU.ActiveCfg = Debug|Any CPU
		{ED986D23-79F2-4C53-9B38-B413BD6A4757}.Debug|Any CPU.Build.0 = Debug|Any CPU
		{ED986D23-79F2-4C53-9B38-B413BD6A4757}.Release|Any CPU.ActiveCfg = Release|Any CPU
		{ED986D23-79F2-4C53-9B38-B413BD6A4757}.Release|Any CPU.Build.0 = Release|Any CPU
	EndGlobalSection
	GlobalSection(SolutionProperties) = preSolution
		HideSolutionNode = FALSE
	EndGlobalSection
	GlobalSection(ExtensibilityGlobals) = postSolution
		SolutionGuid = {55DD3D6D-50BC-45C6-8CA8-8AAB66E4A713}
	EndGlobalSection
EndGlobal
