
Microsoft Visual Studio Solution File, Format Version 12.00
# Visual Studio Version 16
VisualStudioVersion = 16.0.30320.27
MinimumVisualStudioVersion = 10.0.40219.1
Project("{FAE04EC0-301F-11D3-BF4B-00C04F79EFBC}") = "BorderControl", "BorderControl.csproj", "{56A57187-D30F-4CCE-A171-57C09D306B6C}"
EndProject
Global
	GlobalSection(SolutionConfigurationPlatforms) = preSolution
		Debug|Any CPU = Debug|Any CPU
		Release|Any CPU = Release|Any CPU
	EndGlobalSection
	GlobalSection(ProjectConfigurationPlatforms) = postSolution
		{56A57187-D30F-4CCE-A171-57C09D306B6C}.Debug|Any CPU.ActiveCfg = Debug|Any CPU
		{56A57187-D30F-4CCE-A171-57C09D306B6C}.Debug|Any CPU.Build.0 = Debug|Any CPU
		{56A57187-D30F-4CCE-A171-57C09D306B6C}.Release|Any CPU.ActiveCfg = Release|Any CPU
		{56A57187-D30F-4CCE-A171-57C09D306B6C}.Release|Any CPU.Build.0 = Release|Any CPU
	EndGlobalSection
	GlobalSection(SolutionProperties) = preSolution
		HideSolutionNode = FALSE
	EndGlobalSection
	GlobalSection(ExtensibilityGlobals) = postSolution
		SolutionGuid = {DC155CC2-8E9E-4C4E-9106-A47E5B64241F}
	EndGlobalSection
EndGlobal
