
Microsoft Visual Studio Solution File, Format Version 12.00
# Visual Studio Version 16
VisualStudioVersion = 16.0.30320.27
MinimumVisualStudioVersion = 10.0.40219.1
Project("{9A19103F-16F7-4668-BE54-9A1E7A4F7556}") = "PersonInfo", "PersonInfo.csproj", "{EE9BF911-1CD9-4CC4-9B70-FCBEFCEA7660}"
EndProject
Global
	GlobalSection(SolutionConfigurationPlatforms) = preSolution
		Debug|Any CPU = Debug|Any CPU
		Release|Any CPU = Release|Any CPU
	EndGlobalSection
	GlobalSection(ProjectConfigurationPlatforms) = postSolution
		{EE9BF911-1CD9-4CC4-9B70-FCBEFCEA7660}.Debug|Any CPU.ActiveCfg = Debug|Any CPU
		{EE9BF911-1CD9-4CC4-9B70-FCBEFCEA7660}.Debug|Any CPU.Build.0 = Debug|Any CPU
		{EE9BF911-1CD9-4CC4-9B70-FCBEFCEA7660}.Release|Any CPU.ActiveCfg = Release|Any CPU
		{EE9BF911-1CD9-4CC4-9B70-FCBEFCEA7660}.Release|Any CPU.Build.0 = Release|Any CPU
	EndGlobalSection
	GlobalSection(SolutionProperties) = preSolution
		HideSolutionNode = FALSE
	EndGlobalSection
	GlobalSection(ExtensibilityGlobals) = postSolution
		SolutionGuid = {04582C13-8A93-4DF8-8020-F62CD6FC3765}
	EndGlobalSection
EndGlobal
