
Microsoft Visual Studio Solution File, Format Version 12.00
# Visual Studio Version 16
VisualStudioVersion = 16.0.31129.286
MinimumVisualStudioVersion = 10.0.40219.1
Project("{9A19103F-16F7-4668-BE54-9A1E7A4F7556}") = "Cinema", "Cinema\Cinema.csproj", "{48DA9A16-0B45-4C96-9C1C-AE6433667B1F}"
EndProject
Project("{9A19103F-16F7-4668-BE54-9A1E7A4F7556}") = "Database.Tests", "..\01. Model Defition_Skeleton\Database.Tests\Database.Tests.csproj", "{16FD0961-7A5E-4597-9195-2FDFF7CDA5A0}"
EndProject
Global
	GlobalSection(SolutionConfigurationPlatforms) = preSolution
		Debug|Any CPU = Debug|Any CPU
		Release|Any CPU = Release|Any CPU
	EndGlobalSection
	GlobalSection(ProjectConfigurationPlatforms) = postSolution
		{48DA9A16-0B45-4C96-9C1C-AE6433667B1F}.Debug|Any CPU.ActiveCfg = Debug|Any CPU
		{48DA9A16-0B45-4C96-9C1C-AE6433667B1F}.Debug|Any CPU.Build.0 = Debug|Any CPU
		{48DA9A16-0B45-4C96-9C1C-AE6433667B1F}.Release|Any CPU.ActiveCfg = Release|Any CPU
		{48DA9A16-0B45-4C96-9C1C-AE6433667B1F}.Release|Any CPU.Build.0 = Release|Any CPU
		{16FD0961-7A5E-4597-9195-2FDFF7CDA5A0}.Debug|Any CPU.ActiveCfg = Debug|Any CPU
		{16FD0961-7A5E-4597-9195-2FDFF7CDA5A0}.Debug|Any CPU.Build.0 = Debug|Any CPU
		{16FD0961-7A5E-4597-9195-2FDFF7CDA5A0}.Release|Any CPU.ActiveCfg = Release|Any CPU
		{16FD0961-7A5E-4597-9195-2FDFF7CDA5A0}.Release|Any CPU.Build.0 = Release|Any CPU
	EndGlobalSection
	GlobalSection(SolutionProperties) = preSolution
		HideSolutionNode = FALSE
	EndGlobalSection
	GlobalSection(ExtensibilityGlobals) = postSolution
		SolutionGuid = {3BA85C81-DFC6-4D53-8B70-2E03A3758900}
	EndGlobalSection
EndGlobal
