
Microsoft Visual Studio Solution File, Format Version 12.00
# Visual Studio Version 16
VisualStudioVersion = 16.0.30204.135
MinimumVisualStudioVersion = 10.0.40219.1
Project("{FAE04EC0-301F-11D3-BF4B-00C04F79EFBC}") = "8. Bombs", "8. Bombs.csproj", "{2A210C5C-46E0-4470-B3D4-E87ABAF230BF}"
EndProject
Global
	GlobalSection(SolutionConfigurationPlatforms) = preSolution
		Debug|Any CPU = Debug|Any CPU
		Release|Any CPU = Release|Any CPU
	EndGlobalSection
	GlobalSection(ProjectConfigurationPlatforms) = postSolution
		{2A210C5C-46E0-4470-B3D4-E87ABAF230BF}.Debug|Any CPU.ActiveCfg = Debug|Any CPU
		{2A210C5C-46E0-4470-B3D4-E87ABAF230BF}.Debug|Any CPU.Build.0 = Debug|Any CPU
		{2A210C5C-46E0-4470-B3D4-E87ABAF230BF}.Release|Any CPU.ActiveCfg = Release|Any CPU
		{2A210C5C-46E0-4470-B3D4-E87ABAF230BF}.Release|Any CPU.Build.0 = Release|Any CPU
	EndGlobalSection
	GlobalSection(SolutionProperties) = preSolution
		HideSolutionNode = FALSE
	EndGlobalSection
	GlobalSection(ExtensibilityGlobals) = postSolution
		SolutionGuid = {E9F8F041-7C59-446B-9713-D812606E00BB}
	EndGlobalSection
EndGlobal
