
Microsoft Visual Studio Solution File, Format Version 12.00
# Visual Studio Version 16
VisualStudioVersion = 16.0.31019.35
MinimumVisualStudioVersion = 10.0.40219.1
Project("{FAE04EC0-301F-11D3-BF4B-00C04F79EFBC}") = "P03_SalesDatabase", "P03_SalesDatabase\P03_SalesDatabase.csproj", "{CE23A2E6-2D0D-494C-A5D0-9E292BEDE006}"
EndProject
Global
	GlobalSection(SolutionConfigurationPlatforms) = preSolution
		Debug|Any CPU = Debug|Any CPU
		Release|Any CPU = Release|Any CPU
	EndGlobalSection
	GlobalSection(ProjectConfigurationPlatforms) = postSolution
		{CE23A2E6-2D0D-494C-A5D0-9E292BEDE006}.Debug|Any CPU.ActiveCfg = Debug|Any CPU
		{CE23A2E6-2D0D-494C-A5D0-9E292BEDE006}.Debug|Any CPU.Build.0 = Debug|Any CPU
		{CE23A2E6-2D0D-494C-A5D0-9E292BEDE006}.Release|Any CPU.ActiveCfg = Release|Any CPU
		{CE23A2E6-2D0D-494C-A5D0-9E292BEDE006}.Release|Any CPU.Build.0 = Release|Any CPU
	EndGlobalSection
	GlobalSection(SolutionProperties) = preSolution
		HideSolutionNode = FALSE
	EndGlobalSection
	GlobalSection(ExtensibilityGlobals) = postSolution
		SolutionGuid = {60A6FBD7-3605-4E78-943C-FEDA39B345B9}
	EndGlobalSection
EndGlobal
