
Microsoft Visual Studio Solution File, Format Version 12.00
# Visual Studio Version 16
VisualStudioVersion = 16.0.30204.135
MinimumVisualStudioVersion = 10.0.40219.1
Project("{FAE04EC0-301F-11D3-BF4B-00C04F79EFBC}") = "ComparingObjects", "ComparingObjects.csproj", "{5566B466-205B-4DC9-89F2-DF907A8EAD4A}"
EndProject
Global
	GlobalSection(SolutionConfigurationPlatforms) = preSolution
		Debug|Any CPU = Debug|Any CPU
		Release|Any CPU = Release|Any CPU
	EndGlobalSection
	GlobalSection(ProjectConfigurationPlatforms) = postSolution
		{5566B466-205B-4DC9-89F2-DF907A8EAD4A}.Debug|Any CPU.ActiveCfg = Debug|Any CPU
		{5566B466-205B-4DC9-89F2-DF907A8EAD4A}.Debug|Any CPU.Build.0 = Debug|Any CPU
		{5566B466-205B-4DC9-89F2-DF907A8EAD4A}.Release|Any CPU.ActiveCfg = Release|Any CPU
		{5566B466-205B-4DC9-89F2-DF907A8EAD4A}.Release|Any CPU.Build.0 = Release|Any CPU
	EndGlobalSection
	GlobalSection(SolutionProperties) = preSolution
		HideSolutionNode = FALSE
	EndGlobalSection
	GlobalSection(ExtensibilityGlobals) = postSolution
		SolutionGuid = {828C3B5A-692D-4ED5-8CD1-A85DC928D452}
	EndGlobalSection
EndGlobal
