
Microsoft Visual Studio Solution File, Format Version 12.00
# Visual Studio Version 16
VisualStudioVersion = 16.0.31019.35
MinimumVisualStudioVersion = 10.0.40219.1
Project("{FAE04EC0-301F-11D3-BF4B-00C04F79EFBC}") = "P03_FootballBetting", "P03_FootballBetting\P03_FootballBetting.csproj", "{5B1A1FC3-41F1-469C-A8E5-3FA9CD8554AA}"
EndProject
Project("{FAE04EC0-301F-11D3-BF4B-00C04F79EFBC}") = "P03_FootballBetting.Models", "P03_FootballBetting.Models\P03_FootballBetting.Models.csproj", "{F293FD75-B8D2-4155-B0FB-1EB0A9BA0F0E}"
EndProject
Project("{FAE04EC0-301F-11D3-BF4B-00C04F79EFBC}") = "P03_FootballBetting.Data", "P03_FootballBetting.Data\P03_FootballBetting.Data.csproj", "{F15523E7-038A-4ACE-B746-443C78FF2ADE}"
EndProject
Global
	GlobalSection(SolutionConfigurationPlatforms) = preSolution
		Debug|Any CPU = Debug|Any CPU
		Release|Any CPU = Release|Any CPU
	EndGlobalSection
	GlobalSection(ProjectConfigurationPlatforms) = postSolution
		{5B1A1FC3-41F1-469C-A8E5-3FA9CD8554AA}.Debug|Any CPU.ActiveCfg = Debug|Any CPU
		{5B1A1FC3-41F1-469C-A8E5-3FA9CD8554AA}.Debug|Any CPU.Build.0 = Debug|Any CPU
		{5B1A1FC3-41F1-469C-A8E5-3FA9CD8554AA}.Release|Any CPU.ActiveCfg = Release|Any CPU
		{5B1A1FC3-41F1-469C-A8E5-3FA9CD8554AA}.Release|Any CPU.Build.0 = Release|Any CPU
		{F293FD75-B8D2-4155-B0FB-1EB0A9BA0F0E}.Debug|Any CPU.ActiveCfg = Debug|Any CPU
		{F293FD75-B8D2-4155-B0FB-1EB0A9BA0F0E}.Debug|Any CPU.Build.0 = Debug|Any CPU
		{F293FD75-B8D2-4155-B0FB-1EB0A9BA0F0E}.Release|Any CPU.ActiveCfg = Release|Any CPU
		{F293FD75-B8D2-4155-B0FB-1EB0A9BA0F0E}.Release|Any CPU.Build.0 = Release|Any CPU
		{F15523E7-038A-4ACE-B746-443C78FF2ADE}.Debug|Any CPU.ActiveCfg = Debug|Any CPU
		{F15523E7-038A-4ACE-B746-443C78FF2ADE}.Debug|Any CPU.Build.0 = Debug|Any CPU
		{F15523E7-038A-4ACE-B746-443C78FF2ADE}.Release|Any CPU.ActiveCfg = Release|Any CPU
		{F15523E7-038A-4ACE-B746-443C78FF2ADE}.Release|Any CPU.Build.0 = Release|Any CPU
	EndGlobalSection
	GlobalSection(SolutionProperties) = preSolution
		HideSolutionNode = FALSE
	EndGlobalSection
	GlobalSection(ExtensibilityGlobals) = postSolution
		SolutionGuid = {78CFEE9A-A3F7-4DC4-81D0-9FBED00D5711}
	EndGlobalSection
EndGlobal
