
Microsoft Visual Studio Solution File, Format Version 12.00
# Visual Studio Version 16
VisualStudioVersion = 16.0.30204.135
MinimumVisualStudioVersion = 10.0.40219.1
Project("{9A19103F-16F7-4668-BE54-9A1E7A4F7556}") = "Equality", "Equality.csproj", "{7ADF0154-6712-490F-86FB-156E1D150AB9}"
EndProject
Global
	GlobalSection(SolutionConfigurationPlatforms) = preSolution
		Debug|Any CPU = Debug|Any CPU
		Release|Any CPU = Release|Any CPU
	EndGlobalSection
	GlobalSection(ProjectConfigurationPlatforms) = postSolution
		{7ADF0154-6712-490F-86FB-156E1D150AB9}.Debug|Any CPU.ActiveCfg = Debug|Any CPU
		{7ADF0154-6712-490F-86FB-156E1D150AB9}.Debug|Any CPU.Build.0 = Debug|Any CPU
		{7ADF0154-6712-490F-86FB-156E1D150AB9}.Release|Any CPU.ActiveCfg = Release|Any CPU
		{7ADF0154-6712-490F-86FB-156E1D150AB9}.Release|Any CPU.Build.0 = Release|Any CPU
	EndGlobalSection
	GlobalSection(SolutionProperties) = preSolution
		HideSolutionNode = FALSE
	EndGlobalSection
	GlobalSection(ExtensibilityGlobals) = postSolution
		SolutionGuid = {2E3DE215-F32F-4261-9357-33AB45151BED}
	EndGlobalSection
EndGlobal
