
Microsoft Visual Studio Solution File, Format Version 12.00
# Visual Studio Version 16
VisualStudioVersion = 16.0.30320.27
MinimumVisualStudioVersion = 10.0.40219.1
Project("{FAE04EC0-301F-11D3-BF4B-00C04F79EFBC}") = "Telephony", "Telephony.csproj", "{E238AD5C-DF4E-4485-946E-0E9DA64FE00A}"
EndProject
Global
	GlobalSection(SolutionConfigurationPlatforms) = preSolution
		Debug|Any CPU = Debug|Any CPU
		Release|Any CPU = Release|Any CPU
	EndGlobalSection
	GlobalSection(ProjectConfigurationPlatforms) = postSolution
		{E238AD5C-DF4E-4485-946E-0E9DA64FE00A}.Debug|Any CPU.ActiveCfg = Debug|Any CPU
		{E238AD5C-DF4E-4485-946E-0E9DA64FE00A}.Debug|Any CPU.Build.0 = Debug|Any CPU
		{E238AD5C-DF4E-4485-946E-0E9DA64FE00A}.Release|Any CPU.ActiveCfg = Release|Any CPU
		{E238AD5C-DF4E-4485-946E-0E9DA64FE00A}.Release|Any CPU.Build.0 = Release|Any CPU
	EndGlobalSection
	GlobalSection(SolutionProperties) = preSolution
		HideSolutionNode = FALSE
	EndGlobalSection
	GlobalSection(ExtensibilityGlobals) = postSolution
		SolutionGuid = {20B3F36D-24E9-4522-A057-3716569E674A}
	EndGlobalSection
EndGlobal
