
Microsoft Visual Studio Solution File, Format Version 12.00
# Visual Studio Version 16
VisualStudioVersion = 16.0.30204.135
MinimumVisualStudioVersion = 10.0.40219.1
Project("{9A19103F-16F7-4668-BE54-9A1E7A4F7556}") = "SoftUniParking", "SoftUniParking.csproj", "{66BE454A-AFFE-41A4-ABF4-2E143B4BE51D}"
EndProject
Global
	GlobalSection(SolutionConfigurationPlatforms) = preSolution
		Debug|Any CPU = Debug|Any CPU
		Release|Any CPU = Release|Any CPU
	EndGlobalSection
	GlobalSection(ProjectConfigurationPlatforms) = postSolution
		{66BE454A-AFFE-41A4-ABF4-2E143B4BE51D}.Debug|Any CPU.ActiveCfg = Debug|Any CPU
		{66BE454A-AFFE-41A4-ABF4-2E143B4BE51D}.Debug|Any CPU.Build.0 = Debug|Any CPU
		{66BE454A-AFFE-41A4-ABF4-2E143B4BE51D}.Release|Any CPU.ActiveCfg = Release|Any CPU
		{66BE454A-AFFE-41A4-ABF4-2E143B4BE51D}.Release|Any CPU.Build.0 = Release|Any CPU
	EndGlobalSection
	GlobalSection(SolutionProperties) = preSolution
		HideSolutionNode = FALSE
	EndGlobalSection
	GlobalSection(ExtensibilityGlobals) = postSolution
		SolutionGuid = {7DF15295-119F-443B-926D-E4883E777D18}
	EndGlobalSection
EndGlobal
