
Microsoft Visual Studio Solution File, Format Version 12.00
# Visual Studio Version 16
VisualStudioVersion = 16.0.30204.135
MinimumVisualStudioVersion = 10.0.40219.1
Project("{FAE04EC0-301F-11D3-BF4B-00C04F79EFBC}") = "DefiningClasses", "DefiningClasses.csproj", "{03FB15A1-3864-4D76-BE03-40E56272F1B1}"
EndProject
Global
	GlobalSection(SolutionConfigurationPlatforms) = preSolution
		Debug|Any CPU = Debug|Any CPU
		Release|Any CPU = Release|Any CPU
	EndGlobalSection
	GlobalSection(ProjectConfigurationPlatforms) = postSolution
		{03FB15A1-3864-4D76-BE03-40E56272F1B1}.Debug|Any CPU.ActiveCfg = Debug|Any CPU
		{03FB15A1-3864-4D76-BE03-40E56272F1B1}.Debug|Any CPU.Build.0 = Debug|Any CPU
		{03FB15A1-3864-4D76-BE03-40E56272F1B1}.Release|Any CPU.ActiveCfg = Release|Any CPU
		{03FB15A1-3864-4D76-BE03-40E56272F1B1}.Release|Any CPU.Build.0 = Release|Any CPU
	EndGlobalSection
	GlobalSection(SolutionProperties) = preSolution
		HideSolutionNode = FALSE
	EndGlobalSection
	GlobalSection(ExtensibilityGlobals) = postSolution
		SolutionGuid = {B21E6377-A45F-4E98-9EC3-9284D31D57C9}
	EndGlobalSection
EndGlobal
