
Microsoft Visual Studio Solution File, Format Version 12.00
# Visual Studio Version 16
VisualStudioVersion = 16.0.30204.135
MinimumVisualStudioVersion = 10.0.40219.1
Project("{FAE04EC0-301F-11D3-BF4B-00C04F79EFBC}") = "10. Radioactive Mutant Vampire Bunnies", "10. Radioactive Mutant Vampire Bunnies.csproj", "{1D667EDF-87FE-4C74-9F6C-837018D43F3E}"
EndProject
Global
	GlobalSection(SolutionConfigurationPlatforms) = preSolution
		Debug|Any CPU = Debug|Any CPU
		Release|Any CPU = Release|Any CPU
	EndGlobalSection
	GlobalSection(ProjectConfigurationPlatforms) = postSolution
		{1D667EDF-87FE-4C74-9F6C-837018D43F3E}.Debug|Any CPU.ActiveCfg = Debug|Any CPU
		{1D667EDF-87FE-4C74-9F6C-837018D43F3E}.Debug|Any CPU.Build.0 = Debug|Any CPU
		{1D667EDF-87FE-4C74-9F6C-837018D43F3E}.Release|Any CPU.ActiveCfg = Release|Any CPU
		{1D667EDF-87FE-4C74-9F6C-837018D43F3E}.Release|Any CPU.Build.0 = Release|Any CPU
	EndGlobalSection
	GlobalSection(SolutionProperties) = preSolution
		HideSolutionNode = FALSE
	EndGlobalSection
	GlobalSection(ExtensibilityGlobals) = postSolution
		SolutionGuid = {45AC8953-785B-4059-B623-E1248B8113D2}
	EndGlobalSection
EndGlobal
