
Microsoft Visual Studio Solution File, Format Version 12.00
# Visual Studio Version 16
VisualStudioVersion = 16.0.30204.135
MinimumVisualStudioVersion = 10.0.40219.1
Project("{FAE04EC0-301F-11D3-BF4B-00C04F79EFBC}") = "05. Applied Arithmetics", "05. Applied Arithmetics.csproj", "{23485183-C769-4D26-978B-7D0559C4B378}"
EndProject
Global
	GlobalSection(SolutionConfigurationPlatforms) = preSolution
		Debug|Any CPU = Debug|Any CPU
		Release|Any CPU = Release|Any CPU
	EndGlobalSection
	GlobalSection(ProjectConfigurationPlatforms) = postSolution
		{23485183-C769-4D26-978B-7D0559C4B378}.Debug|Any CPU.ActiveCfg = Debug|Any CPU
		{23485183-C769-4D26-978B-7D0559C4B378}.Debug|Any CPU.Build.0 = Debug|Any CPU
		{23485183-C769-4D26-978B-7D0559C4B378}.Release|Any CPU.ActiveCfg = Release|Any CPU
		{23485183-C769-4D26-978B-7D0559C4B378}.Release|Any CPU.Build.0 = Release|Any CPU
	EndGlobalSection
	GlobalSection(SolutionProperties) = preSolution
		HideSolutionNode = FALSE
	EndGlobalSection
	GlobalSection(ExtensibilityGlobals) = postSolution
		SolutionGuid = {762DDCFC-1951-43D5-BC5F-73E228D291F4}
	EndGlobalSection
EndGlobal
