
Microsoft Visual Studio Solution File, Format Version 12.00
# Visual Studio Version 16
VisualStudioVersion = 16.0.30204.135
MinimumVisualStudioVersion = 10.0.40219.1
Project("{9A19103F-16F7-4668-BE54-9A1E7A4F7556}") = "DefiningClasses4", "DefiningClasses4.csproj", "{806437C0-14DF-4945-87AE-E0F5A73AD222}"
EndProject
Global
	GlobalSection(SolutionConfigurationPlatforms) = preSolution
		Debug|Any CPU = Debug|Any CPU
		Release|Any CPU = Release|Any CPU
	EndGlobalSection
	GlobalSection(ProjectConfigurationPlatforms) = postSolution
		{806437C0-14DF-4945-87AE-E0F5A73AD222}.Debug|Any CPU.ActiveCfg = Debug|Any CPU
		{806437C0-14DF-4945-87AE-E0F5A73AD222}.Debug|Any CPU.Build.0 = Debug|Any CPU
		{806437C0-14DF-4945-87AE-E0F5A73AD222}.Release|Any CPU.ActiveCfg = Release|Any CPU
		{806437C0-14DF-4945-87AE-E0F5A73AD222}.Release|Any CPU.Build.0 = Release|Any CPU
	EndGlobalSection
	GlobalSection(SolutionProperties) = preSolution
		HideSolutionNode = FALSE
	EndGlobalSection
	GlobalSection(ExtensibilityGlobals) = postSolution
		SolutionGuid = {3EABF778-F6D5-4645-9BD2-B098C6E227D1}
	EndGlobalSection
EndGlobal
