
Microsoft Visual Studio Solution File, Format Version 12.00
# Visual Studio Version 16
VisualStudioVersion = 16.0.31313.79
MinimumVisualStudioVersion = 10.0.40219.1
Project("{FAE04EC0-301F-11D3-BF4B-00C04F79EFBC}") = "ThingBuilder", "ThingBuilder\ThingBuilder.csproj", "{0697DA74-9E59-4139-A191-257BEE4C5600}"
EndProject
Global
	GlobalSection(SolutionConfigurationPlatforms) = preSolution
		Debug|Any CPU = Debug|Any CPU
		Release|Any CPU = Release|Any CPU
	EndGlobalSection
	GlobalSection(ProjectConfigurationPlatforms) = postSolution
		{0697DA74-9E59-4139-A191-257BEE4C5600}.Debug|Any CPU.ActiveCfg = Debug|Any CPU
		{0697DA74-9E59-4139-A191-257BEE4C5600}.Debug|Any CPU.Build.0 = Debug|Any CPU
		{0697DA74-9E59-4139-A191-257BEE4C5600}.Release|Any CPU.ActiveCfg = Release|Any CPU
		{0697DA74-9E59-4139-A191-257BEE4C5600}.Release|Any CPU.Build.0 = Release|Any CPU
	EndGlobalSection
	GlobalSection(SolutionProperties) = preSolution
		HideSolutionNode = FALSE
	EndGlobalSection
	GlobalSection(ExtensibilityGlobals) = postSolution
		SolutionGuid = {FD21F746-77E7-48D0-8BE3-7B0DB465A8BE}
	EndGlobalSection
EndGlobal
