
Microsoft Visual Studio Solution File, Format Version 12.00
# Visual Studio Version 16
VisualStudioVersion = 16.0.30104.148
MinimumVisualStudioVersion = 10.0.40219.1
Project("{FAE04EC0-301F-11D3-BF4B-00C04F79EFBC}") = "02. Basic Queue Operations", "02. Basic Queue Operations\02. Basic Queue Operations.csproj", "{51D461E7-420F-4803-814B-9F6A4C1547E7}"
EndProject
Global
	GlobalSection(SolutionConfigurationPlatforms) = preSolution
		Debug|Any CPU = Debug|Any CPU
		Release|Any CPU = Release|Any CPU
	EndGlobalSection
	GlobalSection(ProjectConfigurationPlatforms) = postSolution
		{51D461E7-420F-4803-814B-9F6A4C1547E7}.Debug|Any CPU.ActiveCfg = Debug|Any CPU
		{51D461E7-420F-4803-814B-9F6A4C1547E7}.Debug|Any CPU.Build.0 = Debug|Any CPU
		{51D461E7-420F-4803-814B-9F6A4C1547E7}.Release|Any CPU.ActiveCfg = Release|Any CPU
		{51D461E7-420F-4803-814B-9F6A4C1547E7}.Release|Any CPU.Build.0 = Release|Any CPU
	EndGlobalSection
	GlobalSection(SolutionProperties) = preSolution
		HideSolutionNode = FALSE
	EndGlobalSection
	GlobalSection(ExtensibilityGlobals) = postSolution
		SolutionGuid = {58D93431-3529-4BDD-91D4-C74236E234EB}
	EndGlobalSection
EndGlobal
