
Microsoft Visual Studio Solution File, Format Version 12.00
# Visual Studio Version 16
VisualStudioVersion = 16.0.30204.135
MinimumVisualStudioVersion = 10.0.40219.1
Project("{FAE04EC0-301F-11D3-BF4B-00C04F79EFBC}") = "1. Diagonal Difference", "1. Diagonal Difference.csproj", "{EFC27919-ABE6-462A-9B8A-29FF1857F49B}"
EndProject
Global
	GlobalSection(SolutionConfigurationPlatforms) = preSolution
		Debug|Any CPU = Debug|Any CPU
		Release|Any CPU = Release|Any CPU
	EndGlobalSection
	GlobalSection(ProjectConfigurationPlatforms) = postSolution
		{EFC27919-ABE6-462A-9B8A-29FF1857F49B}.Debug|Any CPU.ActiveCfg = Debug|Any CPU
		{EFC27919-ABE6-462A-9B8A-29FF1857F49B}.Debug|Any CPU.Build.0 = Debug|Any CPU
		{EFC27919-ABE6-462A-9B8A-29FF1857F49B}.Release|Any CPU.ActiveCfg = Release|Any CPU
		{EFC27919-ABE6-462A-9B8A-29FF1857F49B}.Release|Any CPU.Build.0 = Release|Any CPU
	EndGlobalSection
	GlobalSection(SolutionProperties) = preSolution
		HideSolutionNode = FALSE
	EndGlobalSection
	GlobalSection(ExtensibilityGlobals) = postSolution
		SolutionGuid = {E96C2B04-D06C-4387-AE40-99F2A43803FF}
	EndGlobalSection
EndGlobal
